
Microsoft Visual Studio Solution File, Format Version 12.00
# Visual Studio Version 16
VisualStudioVersion = 16.0.32126.315
MinimumVisualStudioVersion = 10.0.40219.1
Project("{FAE04EC0-301F-11D3-BF4B-00C04F79EFBC}") = "Curso2", "Curso2\Curso2.csproj", "{001B04EC-B4D9-40DC-B208-C7DB2A2D2375}"
EndProject
Global
	GlobalSection(SolutionConfigurationPlatforms) = preSolution
		Debug|Any CPU = Debug|Any CPU
		Release|Any CPU = Release|Any CPU
	EndGlobalSection
	GlobalSection(ProjectConfigurationPlatforms) = postSolution
		{001B04EC-B4D9-40DC-B208-C7DB2A2D2375}.Debug|Any CPU.ActiveCfg = Debug|Any CPU
		{001B04EC-B4D9-40DC-B208-C7DB2A2D2375}.Debug|Any CPU.Build.0 = Debug|Any CPU
		{001B04EC-B4D9-40DC-B208-C7DB2A2D2375}.Release|Any CPU.ActiveCfg = Release|Any CPU
		{001B04EC-B4D9-40DC-B208-C7DB2A2D2375}.Release|Any CPU.Build.0 = Release|Any CPU
	EndGlobalSection
	GlobalSection(SolutionProperties) = preSolution
		HideSolutionNode = FALSE
	EndGlobalSection
	GlobalSection(ExtensibilityGlobals) = postSolution
		SolutionGuid = {D3460744-6EA9-411E-BB7F-76468932A59E}
	EndGlobalSection
EndGlobal
